<?xml version="1.0" encoding="utf-8"?>
<Project ToolsVersion="4.0" xmlns="http://schemas.microsoft.com/developer/msbuild/2003">
  <ItemGroup>
    <Filter Include="原始程式檔">
      <UniqueIdentifier>{4FC737F1-C7A5-4376-A066-2A32D752A2FF}</UniqueIdentifier>
      <Extensions>cpp;c;cc;cxx;def;odl;idl;hpj;bat;asm;asmx</Extensions>
    </Filter>
    <Filter Include="標頭檔">
      <UniqueIdentifier>{93995380-89BD-4b04-88EB-625FBE52EBFB}</UniqueIdentifier>
      <Extensions>h;hpp;hxx;hm;inl;inc;xsd</Extensions>
    </Filter>
    <Filter Include="資源檔">
      <UniqueIdentifier>{67DA6AB6-F800-4c08-8B7A-83BB121AAD01}</UniqueIdentifier>
      <Extensions>rc;ico;cur;bmp;dlg;rc2;rct;bin;rgs;gif;jpg;jpeg;jpe;resx;tiff;tif;png;wav;mfcribbon-ms</Extensions>
    </Filter>
  </ItemGroup>
  <ItemGroup>
    <Text Include="ReadMe.txt" />
  </ItemGroup>
  <ItemGroup>
    <ClInclude Include="TestSimulator.h">
      <Filter>標頭檔</Filter>
    </ClInclude>
    <ClInclude Include="TestSimulatorDlg.h">
      <Filter>標頭檔</Filter>
    </ClInclude>
    <ClInclude Include="stdafx.h">
      <Filter>標頭檔</Filter>
    </ClInclude>
    <ClInclude Include="targetver.h">
      <Filter>標頭檔</Filter>
    </ClInclude>
    <ClInclude Include="Resource.h">
      <Filter>標頭檔</Filter>
    </ClInclude>
    <ClInclude Include="BlockBasis.h">
      <Filter>標頭檔</Filter>
    </ClInclude>
    <ClInclude Include="BlockIn.h">
      <Filter>標頭檔</Filter>
    </ClInclude>
    <ClInclude Include="BlockOut.h">
      <Filter>標頭檔</Filter>
    </ClInclude>
    <ClInclude Include="BlockAnd.h">
      <Filter>標頭檔</Filter>
    </ClInclude>
    <ClInclude Include="BlockOr.h">
      <Filter>標頭檔</Filter>
    </ClInclude>
    <ClInclude Include="BlockNot.h">
      <Filter>標頭檔</Filter>
    </ClInclude>
    <ClInclude Include="InputDlg.h">
      <Filter>標頭檔</Filter>
    </ClInclude>
    <ClInclude Include="BlockFun.h">
      <Filter>標頭檔</Filter>
    </ClInclude>
    <ClInclude Include="FunDlg.h">
      <Filter>標頭檔</Filter>
    </ClInclude>
    <ClInclude Include="OscDlg.h">
      <Filter>標頭檔</Filter>
    </ClInclude>
    <ClInclude Include="Complex.h">
      <Filter>標頭檔</Filter>
    </ClInclude>
  </ItemGroup>
  <ItemGroup>
    <ClCompile Include="TestSimulator.cpp">
      <Filter>原始程式檔</Filter>
    </ClCompile>
    <ClCompile Include="TestSimulatorDlg.cpp">
      <Filter>原始程式檔</Filter>
    </ClCompile>
    <ClCompile Include="stdafx.cpp">
      <Filter>原始程式檔</Filter>
    </ClCompile>
    <ClCompile Include="BlockBasis.cpp">
      <Filter>原始程式檔</Filter>
    </ClCompile>
    <ClCompile Include="BlockIn.cpp">
      <Filter>原始程式檔</Filter>
    </ClCompile>
    <ClCompile Include="BlockOut.cpp">
      <Filter>原始程式檔</Filter>
    </ClCompile>
    <ClCompile Include="BlockAnd.cpp">
      <Filter>原始程式檔</Filter>
    </ClCompile>
    <ClCompile Include="BlockNot.cpp">
      <Filter>原始程式檔</Filter>
    </ClCompile>
    <ClCompile Include="InputDlg.cpp">
      <Filter>原始程式檔</Filter>
    </ClCompile>
    <ClCompile Include="BlockFun.cpp">
      <Filter>原始程式檔</Filter>
    </ClCompile>
    <ClCompile Include="FunDlg.cpp">
      <Filter>原始程式檔</Filter>
    </ClCompile>
    <ClCompile Include="OscDlg.cpp">
      <Filter>原始程式檔</Filter>
    </ClCompile>
    <ClCompile Include="BlockOr.cpp">
      <Filter>原始程式檔</Filter>
    </ClCompile>
    <ClCompile Include="Complex.cpp">
      <Filter>原始程式檔</Filter>
    </ClCompile>
  </ItemGroup>
  <ItemGroup>
    <ResourceCompile Include="TestSimulator.rc">
      <Filter>資源檔</Filter>
    </ResourceCompile>
  </ItemGroup>
  <ItemGroup>
    <None Include="res\TestSimulator.rc2">
      <Filter>資源檔</Filter>
    </None>
  </ItemGroup>
  <ItemGroup>
    <Image Include="res\TestSimulator.ico">
      <Filter>資源檔</Filter>
    </Image>
  </ItemGroup>
</Project>